
Microsoft Visual Studio Solution File, Format Version 12.00
# Visual Studio Version 16
VisualStudioVersion = 16.0.30330.147
MinimumVisualStudioVersion = 10.0.40219.1
Project("{FAE04EC0-301F-11D3-BF4B-00C04F79EFBC}") = "SistemaVendas", "SistemaVendas\SistemaVendas.csproj", "{EBD211CC-E5F7-46E3-97FE-3869FEDDEAE4}"
EndProject
Global
	GlobalSection(SolutionConfigurationPlatforms) = preSolution
		Debug|Any CPU = Debug|Any CPU
		Release|Any CPU = Release|Any CPU
	EndGlobalSection
	GlobalSection(ProjectConfigurationPlatforms) = postSolution
		{EBD211CC-E5F7-46E3-97FE-3869FEDDEAE4}.Debug|Any CPU.ActiveCfg = Debug|Any CPU
		{EBD211CC-E5F7-46E3-97FE-3869FEDDEAE4}.Debug|Any CPU.Build.0 = Debug|Any CPU
		{EBD211CC-E5F7-46E3-97FE-3869FEDDEAE4}.Release|Any CPU.ActiveCfg = Release|Any CPU
		{EBD211CC-E5F7-46E3-97FE-3869FEDDEAE4}.Release|Any CPU.Build.0 = Release|Any CPU
	EndGlobalSection
	GlobalSection(SolutionProperties) = preSolution
		HideSolutionNode = FALSE
	EndGlobalSection
	GlobalSection(ExtensibilityGlobals) = postSolution
		SolutionGuid = {2AC5DCAD-F779-4C1B-B1A3-C95AA712B016}
	EndGlobalSection
EndGlobal
